
Microsoft Visual Studio Solution File, Format Version 11.00
# Visual Studio 2010
Project("{2150E333-8FDC-42A3-9474-1A3956D46DE8}") = "Plugins", "Plugins", "{C73EDE56-1E63-400F-A694-9158687895DD}"
EndProject
Project("{FAE04EC0-301F-11D3-BF4B-00C04F79EFBC}") = "Location", "Plugins\Location\Location.csproj", "{C463A928-9F1B-4134-B8C7-D398097E2D73}"
EndProject
Project("{FAE04EC0-301F-11D3-BF4B-00C04F79EFBC}") = "Persistence", "Plugins\Persistence\Persistence.csproj", "{6AD151A5-A1DA-4351-BB1A-C854AFF436D6}"
EndProject
Project("{FAE04EC0-301F-11D3-BF4B-00C04F79EFBC}") = "Editing", "Plugins\Editing\Editing.csproj", "{8FC5269E-F3BD-4603-9E41-6CB68EA4F5BA}"
EndProject
Project("{FAE04EC0-301F-11D3-BF4B-00C04F79EFBC}") = "Renderable", "Plugins\Renderable\Renderable.csproj", "{74073FC3-BC58-45A8-9897-4A718F903916}"
EndProject
Project("{FAE04EC0-301F-11D3-BF4B-00C04F79EFBC}") = "Scripting", "Plugins\Scripting\Scripting.csproj", "{B9853261-AFD6-48BE-928E-1D2E04C287EC}"
EndProject
Project("{FAE04EC0-301F-11D3-BF4B-00C04F79EFBC}") = "Auth", "Plugins\Auth\Auth.csproj", "{CCDA8021-971D-4703-A4BD-325248EF9499}"
EndProject
Project("{FAE04EC0-301F-11D3-BF4B-00C04F79EFBC}") = "Avatar", "Plugins\Avatar\Avatar.csproj", "{33EE0F1B-11E0-46BE-AB7D-0EE48929BCFF}"
EndProject
Project("{FAE04EC0-301F-11D3-BF4B-00C04F79EFBC}") = "ClientManager", "Plugins\ClientManager\ClientManager.csproj", "{E1955FF2-6109-4C71-9F13-486A48DE6C17}"
EndProject
Project("{FAE04EC0-301F-11D3-BF4B-00C04F79EFBC}") = "Motion", "Plugins\Motion\Motion.csproj", "{46BD08A8-E01D-4181-805C-847D361297A8}"
EndProject
Project("{2150E333-8FDC-42A3-9474-1A3956D46DE8}") = "Core", "Core", "{8E636E4B-A4AB-44B2-A2D4-821E73CCA455}"
EndProject
Project("{FAE04EC0-301F-11D3-BF4B-00C04F79EFBC}") = "FIVES", "FIVES\FIVES.csproj", "{2F7E0670-CA00-42FB-9158-89056784D122}"
EndProject
Project("{FAE04EC0-301F-11D3-BF4B-00C04F79EFBC}") = "Core", "Core\Core.csproj", "{627CCFC6-4071-4119-92C6-8BC96E4310C8}"
EndProject
Project("{2150E333-8FDC-42A3-9474-1A3956D46DE8}") = "Protocols", "Protocols", "{4DB2F328-31B1-4EF7-BCDB-BB771D4DA5A8}"
EndProject
Project("{FAE04EC0-301F-11D3-BF4B-00C04F79EFBC}") = "DirectCall", "Protocols\DirectCall\DirectCall.csproj", "{6A801102-282E-415D-A711-82413918344D}"
EndProject
Project("{FAE04EC0-301F-11D3-BF4B-00C04F79EFBC}") = "WebSocketJSON", "Protocols\WebSocketJSON\WebSocketJSON.csproj", "{7729110A-D86E-4802-A158-9BE992C98F68}"
EndProject
Global
	GlobalSection(SolutionConfigurationPlatforms) = preSolution
		Debug|Any CPU = Debug|Any CPU
		Release|Any CPU = Release|Any CPU
	EndGlobalSection
	GlobalSection(ProjectConfigurationPlatforms) = postSolution
		{2F7E0670-CA00-42FB-9158-89056784D122}.Debug|Any CPU.ActiveCfg = Debug|Any CPU
		{2F7E0670-CA00-42FB-9158-89056784D122}.Debug|Any CPU.Build.0 = Debug|Any CPU
		{2F7E0670-CA00-42FB-9158-89056784D122}.Release|Any CPU.ActiveCfg = Release|Any CPU
		{2F7E0670-CA00-42FB-9158-89056784D122}.Release|Any CPU.Build.0 = Release|Any CPU
		{33EE0F1B-11E0-46BE-AB7D-0EE48929BCFF}.Debug|Any CPU.ActiveCfg = Debug|Any CPU
		{33EE0F1B-11E0-46BE-AB7D-0EE48929BCFF}.Debug|Any CPU.Build.0 = Debug|Any CPU
		{33EE0F1B-11E0-46BE-AB7D-0EE48929BCFF}.Release|Any CPU.ActiveCfg = Release|Any CPU
		{33EE0F1B-11E0-46BE-AB7D-0EE48929BCFF}.Release|Any CPU.Build.0 = Release|Any CPU
		{46BD08A8-E01D-4181-805C-847D361297A8}.Debug|Any CPU.ActiveCfg = Debug|Any CPU
		{46BD08A8-E01D-4181-805C-847D361297A8}.Debug|Any CPU.Build.0 = Debug|Any CPU
		{46BD08A8-E01D-4181-805C-847D361297A8}.Release|Any CPU.ActiveCfg = Release|Any CPU
		{46BD08A8-E01D-4181-805C-847D361297A8}.Release|Any CPU.Build.0 = Release|Any CPU
		{627CCFC6-4071-4119-92C6-8BC96E4310C8}.Debug|Any CPU.ActiveCfg = Debug|Any CPU
		{627CCFC6-4071-4119-92C6-8BC96E4310C8}.Debug|Any CPU.Build.0 = Debug|Any CPU
		{627CCFC6-4071-4119-92C6-8BC96E4310C8}.Release|Any CPU.ActiveCfg = Release|Any CPU
		{627CCFC6-4071-4119-92C6-8BC96E4310C8}.Release|Any CPU.Build.0 = Release|Any CPU
		{6A801102-282E-415D-A711-82413918344D}.Debug|Any CPU.ActiveCfg = Debug|Any CPU
		{6A801102-282E-415D-A711-82413918344D}.Debug|Any CPU.Build.0 = Debug|Any CPU
		{6A801102-282E-415D-A711-82413918344D}.Release|Any CPU.ActiveCfg = Release|Any CPU
		{6A801102-282E-415D-A711-82413918344D}.Release|Any CPU.Build.0 = Release|Any CPU
		{6AD151A5-A1DA-4351-BB1A-C854AFF436D6}.Debug|Any CPU.ActiveCfg = Debug|Any CPU
		{6AD151A5-A1DA-4351-BB1A-C854AFF436D6}.Debug|Any CPU.Build.0 = Debug|Any CPU
		{6AD151A5-A1DA-4351-BB1A-C854AFF436D6}.Release|Any CPU.ActiveCfg = Release|Any CPU
		{6AD151A5-A1DA-4351-BB1A-C854AFF436D6}.Release|Any CPU.Build.0 = Release|Any CPU
		{74073FC3-BC58-45A8-9897-4A718F903916}.Debug|Any CPU.ActiveCfg = Debug|Any CPU
		{74073FC3-BC58-45A8-9897-4A718F903916}.Debug|Any CPU.Build.0 = Debug|Any CPU
		{74073FC3-BC58-45A8-9897-4A718F903916}.Release|Any CPU.ActiveCfg = Release|Any CPU
		{74073FC3-BC58-45A8-9897-4A718F903916}.Release|Any CPU.Build.0 = Release|Any CPU
		{7729110A-D86E-4802-A158-9BE992C98F68}.Debug|Any CPU.ActiveCfg = Debug|Any CPU
		{7729110A-D86E-4802-A158-9BE992C98F68}.Debug|Any CPU.Build.0 = Debug|Any CPU
		{7729110A-D86E-4802-A158-9BE992C98F68}.Release|Any CPU.ActiveCfg = Release|Any CPU
		{7729110A-D86E-4802-A158-9BE992C98F68}.Release|Any CPU.Build.0 = Release|Any CPU
		{8FC5269E-F3BD-4603-9E41-6CB68EA4F5BA}.Debug|Any CPU.ActiveCfg = Debug|Any CPU
		{8FC5269E-F3BD-4603-9E41-6CB68EA4F5BA}.Debug|Any CPU.Build.0 = Debug|Any CPU
		{8FC5269E-F3BD-4603-9E41-6CB68EA4F5BA}.Release|Any CPU.ActiveCfg = Release|Any CPU
		{8FC5269E-F3BD-4603-9E41-6CB68EA4F5BA}.Release|Any CPU.Build.0 = Release|Any CPU
		{B9853261-AFD6-48BE-928E-1D2E04C287EC}.Debug|Any CPU.ActiveCfg = Debug|Any CPU
		{B9853261-AFD6-48BE-928E-1D2E04C287EC}.Debug|Any CPU.Build.0 = Debug|Any CPU
		{B9853261-AFD6-48BE-928E-1D2E04C287EC}.Release|Any CPU.ActiveCfg = Release|Any CPU
		{B9853261-AFD6-48BE-928E-1D2E04C287EC}.Release|Any CPU.Build.0 = Release|Any CPU
		{C463A928-9F1B-4134-B8C7-D398097E2D73}.Debug|Any CPU.ActiveCfg = Debug|Any CPU
		{C463A928-9F1B-4134-B8C7-D398097E2D73}.Debug|Any CPU.Build.0 = Debug|Any CPU
		{C463A928-9F1B-4134-B8C7-D398097E2D73}.Release|Any CPU.ActiveCfg = Release|Any CPU
		{C463A928-9F1B-4134-B8C7-D398097E2D73}.Release|Any CPU.Build.0 = Release|Any CPU
		{CCDA8021-971D-4703-A4BD-325248EF9499}.Debug|Any CPU.ActiveCfg = Debug|Any CPU
		{CCDA8021-971D-4703-A4BD-325248EF9499}.Debug|Any CPU.Build.0 = Debug|Any CPU
		{CCDA8021-971D-4703-A4BD-325248EF9499}.Release|Any CPU.ActiveCfg = Release|Any CPU
		{CCDA8021-971D-4703-A4BD-325248EF9499}.Release|Any CPU.Build.0 = Release|Any CPU
		{E1955FF2-6109-4C71-9F13-486A48DE6C17}.Debug|Any CPU.ActiveCfg = Debug|Any CPU
		{E1955FF2-6109-4C71-9F13-486A48DE6C17}.Debug|Any CPU.Build.0 = Debug|Any CPU
		{E1955FF2-6109-4C71-9F13-486A48DE6C17}.Release|Any CPU.ActiveCfg = Release|Any CPU
		{E1955FF2-6109-4C71-9F13-486A48DE6C17}.Release|Any CPU.Build.0 = Release|Any CPU
	EndGlobalSection
	GlobalSection(NestedProjects) = preSolution
		{C463A928-9F1B-4134-B8C7-D398097E2D73} = {C73EDE56-1E63-400F-A694-9158687895DD}
		{6AD151A5-A1DA-4351-BB1A-C854AFF436D6} = {C73EDE56-1E63-400F-A694-9158687895DD}
		{8FC5269E-F3BD-4603-9E41-6CB68EA4F5BA} = {C73EDE56-1E63-400F-A694-9158687895DD}
		{74073FC3-BC58-45A8-9897-4A718F903916} = {C73EDE56-1E63-400F-A694-9158687895DD}
		{B9853261-AFD6-48BE-928E-1D2E04C287EC} = {C73EDE56-1E63-400F-A694-9158687895DD}
		{CCDA8021-971D-4703-A4BD-325248EF9499} = {C73EDE56-1E63-400F-A694-9158687895DD}
		{33EE0F1B-11E0-46BE-AB7D-0EE48929BCFF} = {C73EDE56-1E63-400F-A694-9158687895DD}
		{E1955FF2-6109-4C71-9F13-486A48DE6C17} = {C73EDE56-1E63-400F-A694-9158687895DD}
		{46BD08A8-E01D-4181-805C-847D361297A8} = {C73EDE56-1E63-400F-A694-9158687895DD}
		{2F7E0670-CA00-42FB-9158-89056784D122} = {8E636E4B-A4AB-44B2-A2D4-821E73CCA455}
		{627CCFC6-4071-4119-92C6-8BC96E4310C8} = {8E636E4B-A4AB-44B2-A2D4-821E73CCA455}
		{6A801102-282E-415D-A711-82413918344D} = {4DB2F328-31B1-4EF7-BCDB-BB771D4DA5A8}
		{7729110A-D86E-4802-A158-9BE992C98F68} = {4DB2F328-31B1-4EF7-BCDB-BB771D4DA5A8}
	EndGlobalSection
	GlobalSection(MonoDevelopProperties) = preSolution
		StartupItem = FIVES\FIVES.csproj
		Policies = $0
		$0.DotNetNamingPolicy = $1
		$1.DirectoryNamespaceAssociation = None
		$1.ResourceNamePolicy = FileFormatDefault
		$0.TextStylePolicy = $2
		$2.FileWidth = 120
		$2.inheritsSet = VisualStudio
		$2.inheritsScope = text/plain
		$2.scope = text/x-csharp
		$0.CSharpFormattingPolicy = $3
		$3.IndentSwitchBody = True
		$3.AnonymousMethodBraceStyle = NextLine
		$3.PropertyBraceStyle = NextLine
		$3.PropertyGetBraceStyle = NextLine
		$3.PropertySetBraceStyle = NextLine
		$3.EventBraceStyle = NextLine
		$3.EventAddBraceStyle = NextLine
		$3.EventRemoveBraceStyle = NextLine
		$3.StatementBraceStyle = NextLine
		$3.ElseNewLinePlacement = NewLine
		$3.CatchNewLinePlacement = NewLine
		$3.FinallyNewLinePlacement = NewLine
		$3.WhileNewLinePlacement = DoNotCare
		$3.ArrayInitializerWrapping = DoNotChange
		$3.ArrayInitializerBraceStyle = NextLine
		$3.BeforeMethodDeclarationParentheses = False
		$3.BeforeMethodCallParentheses = False
		$3.BeforeConstructorDeclarationParentheses = False
		$3.BeforeDelegateDeclarationParentheses = False
		$3.NewParentheses = False
		$3.SpacesBeforeBrackets = False
		$3.inheritsSet = Mono
		$3.inheritsScope = text/x-csharp
		$3.scope = text/x-csharp
		$0.TextStylePolicy = $4
		$4.FileWidth = 120
		$4.inheritsSet = VisualStudio
		$4.inheritsScope = text/plain
		$4.scope = text/plain
		$0.TextStylePolicy = $5
		$5.inheritsSet = null
		$5.scope = application/xml
		$0.XmlFormattingPolicy = $6
		$6.inheritsSet = Mono
		$6.inheritsScope = application/xml
		$6.scope = application/xml
		$0.TextStylePolicy = $7
		$7.inheritsSet = null
		$7.scope = application/config+xml
		$0.XmlFormattingPolicy = $8
		$8.inheritsSet = null
		$8.scope = application/config+xml
		$0.StandardHeader = $9
		$9.Text = 
		$9.IncludeInNewFiles = True
		$0.NameConventionPolicy = $10
		$10.Rules = $11
		$11.NamingRule = $12
		$12.Name = Namespaces
		$12.AffectedEntity = Namespace
		$12.VisibilityMask = VisibilityMask
		$12.NamingStyle = PascalCase
		$12.IncludeInstanceMembers = True
		$12.IncludeStaticEntities = True
		$11.NamingRule = $13
		$13.Name = Types
		$13.AffectedEntity = Class, Struct, Enum, Delegate
		$13.VisibilityMask = VisibilityMask
		$13.NamingStyle = PascalCase
		$13.IncludeInstanceMembers = True
		$13.IncludeStaticEntities = True
		$11.NamingRule = $14
		$14.Name = Interfaces
		$14.RequiredPrefixes = $15
		$15.String = I
		$14.AffectedEntity = Interface
		$14.VisibilityMask = VisibilityMask
		$14.NamingStyle = PascalCase
		$14.IncludeInstanceMembers = True
		$14.IncludeStaticEntities = True
		$11.NamingRule = $16
		$16.Name = Attributes
		$16.RequiredSuffixes = $17
		$17.String = Attribute
		$16.AffectedEntity = CustomAttributes
		$16.VisibilityMask = VisibilityMask
		$16.NamingStyle = PascalCase
		$16.IncludeInstanceMembers = True
		$16.IncludeStaticEntities = True
		$11.NamingRule = $18
		$18.Name = Event Arguments
		$18.RequiredSuffixes = $19
		$19.String = EventArgs
		$18.AffectedEntity = CustomEventArgs
		$18.VisibilityMask = VisibilityMask
		$18.NamingStyle = PascalCase
		$18.IncludeInstanceMembers = True
		$18.IncludeStaticEntities = True
		$11.NamingRule = $20
		$20.Name = Exceptions
		$20.RequiredSuffixes = $21
		$21.String = Exception
		$20.AffectedEntity = CustomExceptions
		$20.VisibilityMask = VisibilityMask
		$20.NamingStyle = PascalCase
		$20.IncludeInstanceMembers = True
		$20.IncludeStaticEntities = True
		$11.NamingRule = $22
		$22.Name = Methods
		$22.AffectedEntity = Methods
		$22.VisibilityMask = VisibilityMask
		$22.NamingStyle = PascalCase
		$22.IncludeInstanceMembers = True
		$22.IncludeStaticEntities = True
		$11.NamingRule = $23
		$23.Name = Static Readonly Fields
		$23.AffectedEntity = ReadonlyField
		$23.VisibilityMask = Internal, Protected, Public
		$23.NamingStyle = PascalCase
		$23.IncludeInstanceMembers = False
		$23.IncludeStaticEntities = True
		$11.NamingRule = $24
		$24.Name = Fields (Non Private)
		$24.AffectedEntity = Field
		$24.VisibilityMask = Internal, Protected, Public
		$24.NamingStyle = PascalCase
		$24.IncludeInstanceMembers = True
		$24.IncludeStaticEntities = True
		$11.NamingRule = $25
		$25.Name = ReadOnly Fields (Non Private)
		$25.AffectedEntity = ReadonlyField
		$25.VisibilityMask = Internal, Protected, Public
		$25.NamingStyle = PascalCase
		$25.IncludeInstanceMembers = True
		$25.IncludeStaticEntities = False
		$11.NamingRule = $26
		$26.Name = Fields (Private)
		$26.AllowedPrefixes = $27
		$27.String = _
		$27.String = m_
		$26.AffectedEntity = Field, ReadonlyField
		$26.VisibilityMask = Private
		$26.NamingStyle = CamelCase
		$26.IncludeInstanceMembers = True
		$26.IncludeStaticEntities = False
		$11.NamingRule = $28
		$28.Name = Static Fields (Private)
		$28.AffectedEntity = Field
		$28.VisibilityMask = Private
		$28.NamingStyle = CamelCase
		$28.IncludeInstanceMembers = False
		$28.IncludeStaticEntities = True
		$11.NamingRule = $29
		$29.Name = ReadOnly Fields (Private)
		$29.AllowedPrefixes = $30
		$30.String = _
		$30.String = m_
		$29.AffectedEntity = ReadonlyField
		$29.VisibilityMask = Private
		$29.NamingStyle = CamelCase
		$29.IncludeInstanceMembers = True
		$29.IncludeStaticEntities = False
		$11.NamingRule = $31
		$31.Name = Constant Fields
		$31.AffectedEntity = ConstantField
		$31.VisibilityMask = VisibilityMask
		$31.NamingStyle = PascalCase
		$31.IncludeInstanceMembers = True
		$31.IncludeStaticEntities = True
		$11.NamingRule = $32
		$32.Name = Properties
		$32.AffectedEntity = Property
		$32.VisibilityMask = VisibilityMask
		$32.NamingStyle = PascalCase
		$32.IncludeInstanceMembers = True
		$32.IncludeStaticEntities = True
		$11.NamingRule = $33
		$33.Name = Events
		$33.AffectedEntity = Event
		$33.VisibilityMask = VisibilityMask
		$33.NamingStyle = PascalCase
		$33.IncludeInstanceMembers = True
		$33.IncludeStaticEntities = True
		$11.NamingRule = $34
		$34.Name = Enum Members
		$34.AffectedEntity = EnumMember
		$34.VisibilityMask = VisibilityMask
		$34.NamingStyle = PascalCase
		$34.IncludeInstanceMembers = True
		$34.IncludeStaticEntities = True
		$11.NamingRule = $35
		$35.Name = Parameters
		$35.AffectedEntity = Parameter
		$35.VisibilityMask = VisibilityMask
		$35.NamingStyle = CamelCase
		$35.IncludeInstanceMembers = True
		$35.IncludeStaticEntities = True
		$11.NamingRule = $36
		$36.Name = Type Parameters
		$36.RequiredPrefixes = $37
		$37.String = T
		$36.AffectedEntity = TypeParameter
		$36.VisibilityMask = VisibilityMask
		$36.NamingStyle = PascalCase
		$36.IncludeInstanceMembers = True
		$36.IncludeStaticEntities = True
		$0.VersionControlPolicy = $38
		$38.inheritsSet = Mono
		$0.ChangeLogPolicy = $39
		$39.UpdateMode = None
		$39.MessageStyle = $40
		$40.LineAlign = 0
		$39.inheritsSet = Mono
	EndGlobalSection
EndGlobal
