
Microsoft Visual Studio Solution File, Format Version 12.00
# Visual Studio 2012
Project("{2150E333-8FDC-42A3-9474-1A3956D46DE8}") = "Plugins", "Plugins", "{C73EDE56-1E63-400F-A694-9158687895DD}"
EndProject
Project("{FAE04EC0-301F-11D3-BF4B-00C04F79EFBC}") = "Location", "Plugins\Location\Location.csproj", "{C463A928-9F1B-4134-B8C7-D398097E2D73}"
EndProject
Project("{FAE04EC0-301F-11D3-BF4B-00C04F79EFBC}") = "Persistence", "Plugins\Persistence\Persistence.csproj", "{6AD151A5-A1DA-4351-BB1A-C854AFF436D6}"
EndProject
Project("{FAE04EC0-301F-11D3-BF4B-00C04F79EFBC}") = "Editing", "Plugins\Editing\Editing.csproj", "{8FC5269E-F3BD-4603-9E41-6CB68EA4F5BA}"
EndProject
Project("{FAE04EC0-301F-11D3-BF4B-00C04F79EFBC}") = "Renderable", "Plugins\Renderable\Renderable.csproj", "{74073FC3-BC58-45A8-9897-4A718F903916}"
EndProject
Project("{FAE04EC0-301F-11D3-BF4B-00C04F79EFBC}") = "Scripting", "Plugins\Scripting\Scripting.csproj", "{B9853261-AFD6-48BE-928E-1D2E04C287EC}"
EndProject
Project("{FAE04EC0-301F-11D3-BF4B-00C04F79EFBC}") = "Auth", "Plugins\Auth\Auth.csproj", "{CCDA8021-971D-4703-A4BD-325248EF9499}"
EndProject
Project("{FAE04EC0-301F-11D3-BF4B-00C04F79EFBC}") = "Avatar", "Plugins\Avatar\Avatar.csproj", "{33EE0F1B-11E0-46BE-AB7D-0EE48929BCFF}"
EndProject
Project("{FAE04EC0-301F-11D3-BF4B-00C04F79EFBC}") = "ClientManager", "Plugins\ClientManager\ClientManager.csproj", "{E1955FF2-6109-4C71-9F13-486A48DE6C17}"
EndProject
Project("{FAE04EC0-301F-11D3-BF4B-00C04F79EFBC}") = "Motion", "Plugins\Motion\Motion.csproj", "{46BD08A8-E01D-4181-805C-847D361297A8}"
EndProject
Project("{FAE04EC0-301F-11D3-BF4B-00C04F79EFBC}") = "KIARA", "Plugins\KIARA\KIARA.csproj", "{EEFDDD48-1795-4D62-A255-29167B0A3BC3}"
EndProject
Project("{2150E333-8FDC-42A3-9474-1A3956D46DE8}") = "Core", "Core", "{8E636E4B-A4AB-44B2-A2D4-821E73CCA455}"
EndProject
Project("{FAE04EC0-301F-11D3-BF4B-00C04F79EFBC}") = "FIVES", "Core\FIVES\FIVES.csproj", "{2F7E0670-CA00-42FB-9158-89056784D122}"
EndProject
Project("{FAE04EC0-301F-11D3-BF4B-00C04F79EFBC}") = "Math", "Core\Math\Math.csproj", "{A2D1D8E5-7C5C-4EA3-95C7-D8D97AB0B74E}"
EndProject
Project("{FAE04EC0-301F-11D3-BF4B-00C04F79EFBC}") = "DomainModel", "Core\DomainModel\DomainModel.csproj", "{79EF699D-6A88-4054-AF04-F22486DB47FA}"
EndProject
Project("{FAE04EC0-301F-11D3-BF4B-00C04F79EFBC}") = "PluginManager", "Core\PluginManager\PluginManager.csproj", "{DB1099A1-B7FE-474F-A03A-41687D6C5C76}"
EndProject
Project("{FAE04EC0-301F-11D3-BF4B-00C04F79EFBC}") = "Collections", "Core\Collections\Collections.csproj", "{9C2AF21F-4D8C-4ADE-A5C4-135A6F50E18A}"
EndProject
Project("{2150E333-8FDC-42A3-9474-1A3956D46DE8}") = "Protocols", "Protocols", "{4DB2F328-31B1-4EF7-BCDB-BB771D4DA5A8}"
EndProject
Project("{FAE04EC0-301F-11D3-BF4B-00C04F79EFBC}") = "WebSocketJSON", "Protocols\WebSocketJSON\WebSocketJSON.csproj", "{7729110A-D86E-4802-A158-9BE992C98F68}"
EndProject
Project("{2150E333-8FDC-42A3-9474-1A3956D46DE8}") = "Misc", "Misc", "{06F2A062-F796-4705-93DA-DD9EE7D47D21}"
EndProject
Project("{FAE04EC0-301F-11D3-BF4B-00C04F79EFBC}") = "NativeClient", "Misc\NativeClient\NativeClient.csproj", "{DAB6E47C-8A5E-4CC9-AF7B-21388014A5AD}"
EndProject
Project("{2150E333-8FDC-42A3-9474-1A3956D46DE8}") = "TestPlugins", "TestPlugins", "{4493E16B-2266-45D8-A0B5-F998EF9B790E}"
EndProject
Project("{FAE04EC0-301F-11D3-BF4B-00C04F79EFBC}") = "InvalidPlugin", "Misc\TestPlugins\InvalidPlugin\InvalidPlugin.csproj", "{7A706737-1B7B-460E-880B-E8C737C0AB04}"
EndProject
Project("{FAE04EC0-301F-11D3-BF4B-00C04F79EFBC}") = "ValidPlugin2", "Misc\TestPlugins\ValidPlugin2\ValidPlugin2.csproj", "{6190805B-0E95-49AC-9C08-70AB7E833B03}"
EndProject
Project("{FAE04EC0-301F-11D3-BF4B-00C04F79EFBC}") = "ValidPlugin1", "Misc\TestPlugins\ValidPlugin1\ValidPlugin1.csproj", "{1B829184-E0FE-4FEA-84DB-96051D1F74A6}"
EndProject
Project("{FAE04EC0-301F-11D3-BF4B-00C04F79EFBC}") = "Scalability", "Plugins\Scalability\Scalability.csproj", "{1B8D92BC-677F-43EA-BB5A-17E0A3BCE534}"
EndProject
Project("{FAE04EC0-301F-11D3-BF4B-00C04F79EFBC}") = "ValidPlugin3", "Misc\TestPlugins\ValidPlugin3\ValidPlugin3.csproj", "{B698B7A2-8E46-4D92-9229-1A68F8BFC545}"
EndProject
Project("{FAE04EC0-301F-11D3-BF4B-00C04F79EFBC}") = "Terminal", "Plugins\Terminal\Terminal.csproj", "{FDF2DE99-68CF-4947-952C-2D2BCC846F3E}"
EndProject
Project("{FAE04EC0-301F-11D3-BF4B-00C04F79EFBC}") = "EventLoop", "Plugins\Eventloop\EventLoop.csproj", "{6CD0FE0E-7D56-4E24-8568-625A13C37130}"
EndProject
Global
	GlobalSection(SolutionConfigurationPlatforms) = preSolution
		Debug|Any CPU = Debug|Any CPU
		Release|Any CPU = Release|Any CPU
	EndGlobalSection
	GlobalSection(ProjectConfigurationPlatforms) = postSolution
		{C463A928-9F1B-4134-B8C7-D398097E2D73}.Debug|Any CPU.ActiveCfg = Debug|Any CPU
		{C463A928-9F1B-4134-B8C7-D398097E2D73}.Debug|Any CPU.Build.0 = Debug|Any CPU
		{C463A928-9F1B-4134-B8C7-D398097E2D73}.Release|Any CPU.ActiveCfg = Release|Any CPU
		{C463A928-9F1B-4134-B8C7-D398097E2D73}.Release|Any CPU.Build.0 = Release|Any CPU
		{6AD151A5-A1DA-4351-BB1A-C854AFF436D6}.Debug|Any CPU.ActiveCfg = Debug|Any CPU
		{6AD151A5-A1DA-4351-BB1A-C854AFF436D6}.Debug|Any CPU.Build.0 = Debug|Any CPU
		{6AD151A5-A1DA-4351-BB1A-C854AFF436D6}.Release|Any CPU.ActiveCfg = Release|Any CPU
		{6AD151A5-A1DA-4351-BB1A-C854AFF436D6}.Release|Any CPU.Build.0 = Release|Any CPU
		{8FC5269E-F3BD-4603-9E41-6CB68EA4F5BA}.Debug|Any CPU.ActiveCfg = Debug|Any CPU
		{8FC5269E-F3BD-4603-9E41-6CB68EA4F5BA}.Debug|Any CPU.Build.0 = Debug|Any CPU
		{8FC5269E-F3BD-4603-9E41-6CB68EA4F5BA}.Release|Any CPU.ActiveCfg = Release|Any CPU
		{8FC5269E-F3BD-4603-9E41-6CB68EA4F5BA}.Release|Any CPU.Build.0 = Release|Any CPU
		{74073FC3-BC58-45A8-9897-4A718F903916}.Debug|Any CPU.ActiveCfg = Debug|Any CPU
		{74073FC3-BC58-45A8-9897-4A718F903916}.Debug|Any CPU.Build.0 = Debug|Any CPU
		{74073FC3-BC58-45A8-9897-4A718F903916}.Release|Any CPU.ActiveCfg = Release|Any CPU
		{74073FC3-BC58-45A8-9897-4A718F903916}.Release|Any CPU.Build.0 = Release|Any CPU
		{B9853261-AFD6-48BE-928E-1D2E04C287EC}.Debug|Any CPU.ActiveCfg = Debug|Any CPU
		{B9853261-AFD6-48BE-928E-1D2E04C287EC}.Debug|Any CPU.Build.0 = Debug|Any CPU
		{B9853261-AFD6-48BE-928E-1D2E04C287EC}.Release|Any CPU.ActiveCfg = Release|Any CPU
		{B9853261-AFD6-48BE-928E-1D2E04C287EC}.Release|Any CPU.Build.0 = Release|Any CPU
		{CCDA8021-971D-4703-A4BD-325248EF9499}.Debug|Any CPU.ActiveCfg = Debug|Any CPU
		{CCDA8021-971D-4703-A4BD-325248EF9499}.Debug|Any CPU.Build.0 = Debug|Any CPU
		{CCDA8021-971D-4703-A4BD-325248EF9499}.Release|Any CPU.ActiveCfg = Release|Any CPU
		{CCDA8021-971D-4703-A4BD-325248EF9499}.Release|Any CPU.Build.0 = Release|Any CPU
		{33EE0F1B-11E0-46BE-AB7D-0EE48929BCFF}.Debug|Any CPU.ActiveCfg = Debug|Any CPU
		{33EE0F1B-11E0-46BE-AB7D-0EE48929BCFF}.Debug|Any CPU.Build.0 = Debug|Any CPU
		{33EE0F1B-11E0-46BE-AB7D-0EE48929BCFF}.Release|Any CPU.ActiveCfg = Release|Any CPU
		{33EE0F1B-11E0-46BE-AB7D-0EE48929BCFF}.Release|Any CPU.Build.0 = Release|Any CPU
		{E1955FF2-6109-4C71-9F13-486A48DE6C17}.Debug|Any CPU.ActiveCfg = Debug|Any CPU
		{E1955FF2-6109-4C71-9F13-486A48DE6C17}.Debug|Any CPU.Build.0 = Debug|Any CPU
		{E1955FF2-6109-4C71-9F13-486A48DE6C17}.Release|Any CPU.ActiveCfg = Release|Any CPU
		{E1955FF2-6109-4C71-9F13-486A48DE6C17}.Release|Any CPU.Build.0 = Release|Any CPU
		{46BD08A8-E01D-4181-805C-847D361297A8}.Debug|Any CPU.ActiveCfg = Debug|Any CPU
		{46BD08A8-E01D-4181-805C-847D361297A8}.Debug|Any CPU.Build.0 = Debug|Any CPU
		{46BD08A8-E01D-4181-805C-847D361297A8}.Release|Any CPU.ActiveCfg = Release|Any CPU
		{46BD08A8-E01D-4181-805C-847D361297A8}.Release|Any CPU.Build.0 = Release|Any CPU
		{EEFDDD48-1795-4D62-A255-29167B0A3BC3}.Debug|Any CPU.ActiveCfg = Debug|Any CPU
		{EEFDDD48-1795-4D62-A255-29167B0A3BC3}.Debug|Any CPU.Build.0 = Debug|Any CPU
		{EEFDDD48-1795-4D62-A255-29167B0A3BC3}.Release|Any CPU.ActiveCfg = Release|Any CPU
		{EEFDDD48-1795-4D62-A255-29167B0A3BC3}.Release|Any CPU.Build.0 = Release|Any CPU
		{2F7E0670-CA00-42FB-9158-89056784D122}.Debug|Any CPU.ActiveCfg = Debug|Any CPU
		{2F7E0670-CA00-42FB-9158-89056784D122}.Debug|Any CPU.Build.0 = Debug|Any CPU
		{2F7E0670-CA00-42FB-9158-89056784D122}.Release|Any CPU.ActiveCfg = Release|Any CPU
		{2F7E0670-CA00-42FB-9158-89056784D122}.Release|Any CPU.Build.0 = Release|Any CPU
		{A2D1D8E5-7C5C-4EA3-95C7-D8D97AB0B74E}.Debug|Any CPU.ActiveCfg = Debug|Any CPU
		{A2D1D8E5-7C5C-4EA3-95C7-D8D97AB0B74E}.Debug|Any CPU.Build.0 = Debug|Any CPU
		{A2D1D8E5-7C5C-4EA3-95C7-D8D97AB0B74E}.Release|Any CPU.ActiveCfg = Release|Any CPU
		{A2D1D8E5-7C5C-4EA3-95C7-D8D97AB0B74E}.Release|Any CPU.Build.0 = Release|Any CPU
		{79EF699D-6A88-4054-AF04-F22486DB47FA}.Debug|Any CPU.ActiveCfg = Debug|Any CPU
		{79EF699D-6A88-4054-AF04-F22486DB47FA}.Debug|Any CPU.Build.0 = Debug|Any CPU
		{79EF699D-6A88-4054-AF04-F22486DB47FA}.Release|Any CPU.ActiveCfg = Release|Any CPU
		{79EF699D-6A88-4054-AF04-F22486DB47FA}.Release|Any CPU.Build.0 = Release|Any CPU
		{DB1099A1-B7FE-474F-A03A-41687D6C5C76}.Debug|Any CPU.ActiveCfg = Debug|Any CPU
		{DB1099A1-B7FE-474F-A03A-41687D6C5C76}.Debug|Any CPU.Build.0 = Debug|Any CPU
		{DB1099A1-B7FE-474F-A03A-41687D6C5C76}.Release|Any CPU.ActiveCfg = Release|Any CPU
		{DB1099A1-B7FE-474F-A03A-41687D6C5C76}.Release|Any CPU.Build.0 = Release|Any CPU
		{9C2AF21F-4D8C-4ADE-A5C4-135A6F50E18A}.Debug|Any CPU.ActiveCfg = Debug|Any CPU
		{9C2AF21F-4D8C-4ADE-A5C4-135A6F50E18A}.Debug|Any CPU.Build.0 = Debug|Any CPU
		{9C2AF21F-4D8C-4ADE-A5C4-135A6F50E18A}.Release|Any CPU.ActiveCfg = Release|Any CPU
		{9C2AF21F-4D8C-4ADE-A5C4-135A6F50E18A}.Release|Any CPU.Build.0 = Release|Any CPU
		{7729110A-D86E-4802-A158-9BE992C98F68}.Debug|Any CPU.ActiveCfg = Debug|Any CPU
		{7729110A-D86E-4802-A158-9BE992C98F68}.Debug|Any CPU.Build.0 = Debug|Any CPU
		{7729110A-D86E-4802-A158-9BE992C98F68}.Release|Any CPU.ActiveCfg = Release|Any CPU
		{7729110A-D86E-4802-A158-9BE992C98F68}.Release|Any CPU.Build.0 = Release|Any CPU
		{DAB6E47C-8A5E-4CC9-AF7B-21388014A5AD}.Debug|Any CPU.ActiveCfg = Debug|Any CPU
		{DAB6E47C-8A5E-4CC9-AF7B-21388014A5AD}.Debug|Any CPU.Build.0 = Debug|Any CPU
		{DAB6E47C-8A5E-4CC9-AF7B-21388014A5AD}.Release|Any CPU.ActiveCfg = Release|Any CPU
		{DAB6E47C-8A5E-4CC9-AF7B-21388014A5AD}.Release|Any CPU.Build.0 = Release|Any CPU
		{7A706737-1B7B-460E-880B-E8C737C0AB04}.Debug|Any CPU.ActiveCfg = Debug|Any CPU
		{7A706737-1B7B-460E-880B-E8C737C0AB04}.Debug|Any CPU.Build.0 = Debug|Any CPU
		{7A706737-1B7B-460E-880B-E8C737C0AB04}.Release|Any CPU.ActiveCfg = Release|Any CPU
		{7A706737-1B7B-460E-880B-E8C737C0AB04}.Release|Any CPU.Build.0 = Release|Any CPU
		{6190805B-0E95-49AC-9C08-70AB7E833B03}.Debug|Any CPU.ActiveCfg = Debug|Any CPU
		{6190805B-0E95-49AC-9C08-70AB7E833B03}.Debug|Any CPU.Build.0 = Debug|Any CPU
		{6190805B-0E95-49AC-9C08-70AB7E833B03}.Release|Any CPU.ActiveCfg = Release|Any CPU
		{6190805B-0E95-49AC-9C08-70AB7E833B03}.Release|Any CPU.Build.0 = Release|Any CPU
		{1B829184-E0FE-4FEA-84DB-96051D1F74A6}.Debug|Any CPU.ActiveCfg = Debug|Any CPU
		{1B829184-E0FE-4FEA-84DB-96051D1F74A6}.Debug|Any CPU.Build.0 = Debug|Any CPU
		{1B829184-E0FE-4FEA-84DB-96051D1F74A6}.Release|Any CPU.ActiveCfg = Release|Any CPU
		{1B829184-E0FE-4FEA-84DB-96051D1F74A6}.Release|Any CPU.Build.0 = Release|Any CPU
		{1B8D92BC-677F-43EA-BB5A-17E0A3BCE534}.Debug|Any CPU.ActiveCfg = Debug|Any CPU
		{1B8D92BC-677F-43EA-BB5A-17E0A3BCE534}.Debug|Any CPU.Build.0 = Debug|Any CPU
		{1B8D92BC-677F-43EA-BB5A-17E0A3BCE534}.Release|Any CPU.ActiveCfg = Release|Any CPU
		{1B8D92BC-677F-43EA-BB5A-17E0A3BCE534}.Release|Any CPU.Build.0 = Release|Any CPU
		{B698B7A2-8E46-4D92-9229-1A68F8BFC545}.Debug|Any CPU.ActiveCfg = Debug|Any CPU
		{B698B7A2-8E46-4D92-9229-1A68F8BFC545}.Debug|Any CPU.Build.0 = Debug|Any CPU
		{B698B7A2-8E46-4D92-9229-1A68F8BFC545}.Release|Any CPU.ActiveCfg = Release|Any CPU
		{B698B7A2-8E46-4D92-9229-1A68F8BFC545}.Release|Any CPU.Build.0 = Release|Any CPU
		{FDF2DE99-68CF-4947-952C-2D2BCC846F3E}.Debug|Any CPU.ActiveCfg = Debug|Any CPU
		{FDF2DE99-68CF-4947-952C-2D2BCC846F3E}.Debug|Any CPU.Build.0 = Debug|Any CPU
		{FDF2DE99-68CF-4947-952C-2D2BCC846F3E}.Release|Any CPU.ActiveCfg = Release|Any CPU
		{FDF2DE99-68CF-4947-952C-2D2BCC846F3E}.Release|Any CPU.Build.0 = Release|Any CPU
		{6CD0FE0E-7D56-4E24-8568-625A13C37130}.Debug|Any CPU.ActiveCfg = Debug|Any CPU
		{6CD0FE0E-7D56-4E24-8568-625A13C37130}.Debug|Any CPU.Build.0 = Debug|Any CPU
		{6CD0FE0E-7D56-4E24-8568-625A13C37130}.Release|Any CPU.ActiveCfg = Release|Any CPU
		{6CD0FE0E-7D56-4E24-8568-625A13C37130}.Release|Any CPU.Build.0 = Release|Any CPU
	EndGlobalSection
	GlobalSection(SolutionProperties) = preSolution
		HideSolutionNode = FALSE
	EndGlobalSection
	GlobalSection(NestedProjects) = preSolution
		{C463A928-9F1B-4134-B8C7-D398097E2D73} = {C73EDE56-1E63-400F-A694-9158687895DD}
		{6AD151A5-A1DA-4351-BB1A-C854AFF436D6} = {C73EDE56-1E63-400F-A694-9158687895DD}
		{8FC5269E-F3BD-4603-9E41-6CB68EA4F5BA} = {C73EDE56-1E63-400F-A694-9158687895DD}
		{74073FC3-BC58-45A8-9897-4A718F903916} = {C73EDE56-1E63-400F-A694-9158687895DD}
		{B9853261-AFD6-48BE-928E-1D2E04C287EC} = {C73EDE56-1E63-400F-A694-9158687895DD}
		{CCDA8021-971D-4703-A4BD-325248EF9499} = {C73EDE56-1E63-400F-A694-9158687895DD}
		{33EE0F1B-11E0-46BE-AB7D-0EE48929BCFF} = {C73EDE56-1E63-400F-A694-9158687895DD}
		{E1955FF2-6109-4C71-9F13-486A48DE6C17} = {C73EDE56-1E63-400F-A694-9158687895DD}
		{46BD08A8-E01D-4181-805C-847D361297A8} = {C73EDE56-1E63-400F-A694-9158687895DD}
		{EEFDDD48-1795-4D62-A255-29167B0A3BC3} = {C73EDE56-1E63-400F-A694-9158687895DD}
		{1B8D92BC-677F-43EA-BB5A-17E0A3BCE534} = {C73EDE56-1E63-400F-A694-9158687895DD}
		{FDF2DE99-68CF-4947-952C-2D2BCC846F3E} = {C73EDE56-1E63-400F-A694-9158687895DD}
		{6CD0FE0E-7D56-4E24-8568-625A13C37130} = {C73EDE56-1E63-400F-A694-9158687895DD}
		{2F7E0670-CA00-42FB-9158-89056784D122} = {8E636E4B-A4AB-44B2-A2D4-821E73CCA455}
		{A2D1D8E5-7C5C-4EA3-95C7-D8D97AB0B74E} = {8E636E4B-A4AB-44B2-A2D4-821E73CCA455}
		{79EF699D-6A88-4054-AF04-F22486DB47FA} = {8E636E4B-A4AB-44B2-A2D4-821E73CCA455}
		{DB1099A1-B7FE-474F-A03A-41687D6C5C76} = {8E636E4B-A4AB-44B2-A2D4-821E73CCA455}
		{9C2AF21F-4D8C-4ADE-A5C4-135A6F50E18A} = {8E636E4B-A4AB-44B2-A2D4-821E73CCA455}
		{7729110A-D86E-4802-A158-9BE992C98F68} = {4DB2F328-31B1-4EF7-BCDB-BB771D4DA5A8}
		{DAB6E47C-8A5E-4CC9-AF7B-21388014A5AD} = {06F2A062-F796-4705-93DA-DD9EE7D47D21}
		{4493E16B-2266-45D8-A0B5-F998EF9B790E} = {06F2A062-F796-4705-93DA-DD9EE7D47D21}
		{7A706737-1B7B-460E-880B-E8C737C0AB04} = {4493E16B-2266-45D8-A0B5-F998EF9B790E}
		{6190805B-0E95-49AC-9C08-70AB7E833B03} = {4493E16B-2266-45D8-A0B5-F998EF9B790E}
		{1B829184-E0FE-4FEA-84DB-96051D1F74A6} = {4493E16B-2266-45D8-A0B5-F998EF9B790E}
		{B698B7A2-8E46-4D92-9229-1A68F8BFC545} = {4493E16B-2266-45D8-A0B5-F998EF9B790E}
	EndGlobalSection
	GlobalSection(MonoDevelopProperties) = preSolution
		StartupItem = Core\FIVES\FIVES.csproj
		Policies = $0
		$0.DotNetNamingPolicy = $1
		$1.DirectoryNamespaceAssociation = None
		$1.ResourceNamePolicy = FileFormatDefault
		$0.TextStylePolicy = $2
		$2.FileWidth = 120
		$2.TabsToSpaces = False
		$2.inheritsSet = VisualStudio
		$2.inheritsScope = text/plain
	EndGlobalSection
EndGlobal
